
Microsoft Visual Studio Solution File, Format Version 12.00
# Visual Studio Version 17
VisualStudioVersion = 17.11.35208.52
MinimumVisualStudioVersion = 10.0.40219.1
Project("{9A19103F-16F7-4668-BE54-9A1E7A4F7556}") = "Camp_FourthWeek(Basic_C#)", "Camp_FourthWeek(Basic_C#).csproj", "{86E5FB0D-0C8B-453B-8151-65D74F8ED6BD}"
EndProject
Global
	GlobalSection(SolutionConfigurationPlatforms) = preSolution
		Debug|Any CPU = Debug|Any CPU
		Release|Any CPU = Release|Any CPU
	EndGlobalSection
	GlobalSection(ProjectConfigurationPlatforms) = postSolution
		{86E5FB0D-0C8B-453B-8151-65D74F8ED6BD}.Debug|Any CPU.ActiveCfg = Debug|Any CPU
		{86E5FB0D-0C8B-453B-8151-65D74F8ED6BD}.Debug|Any CPU.Build.0 = Debug|Any CPU
		{86E5FB0D-0C8B-453B-8151-65D74F8ED6BD}.Release|Any CPU.ActiveCfg = Release|Any CPU
		{86E5FB0D-0C8B-453B-8151-65D74F8ED6BD}.Release|Any CPU.Build.0 = Release|Any CPU
	EndGlobalSection
	GlobalSection(SolutionProperties) = preSolution
		HideSolutionNode = FALSE
	EndGlobalSection
	GlobalSection(ExtensibilityGlobals) = postSolution
		SolutionGuid = {78B5DB8A-1847-4B27-B15B-832182438B87}
	EndGlobalSection
EndGlobal
